
Microsoft Visual Studio Solution File, Format Version 12.00
# Visual Studio Version 17
VisualStudioVersion = 17.14.36511.14
MinimumVisualStudioVersion = 10.0.40219.1
Project("{2150E333-8FDC-42A3-9474-1A3956D46DE8}") = "Task0", "Task0", "{02EA681E-C7D8-13C7-8484-4AC65E1B71E8}"
EndProject
Project("{FAE04EC0-301F-11D3-BF4B-00C04F79EFBC}") = "Tyuiu.MalchikhinaVV.Sprint1.Task0.V13", "Tyuiu.MalchikhinaVV.Sprint1.Task0.V13\Tyuiu.MalchikhinaVV.Sprint1.Task0.V13.csproj", "{98827D56-56BF-49D8-A0EE-832EEFB07A96}"
EndProject
Project("{FAE04EC0-301F-11D3-BF4B-00C04F79EFBC}") = "Tyuiu.MalchikhinaVV.Sprint1.Task0.V13.Lib", "Tyuiu.MalchikhinaVV.Sprint1.Task0.V13.Lib\Tyuiu.MalchikhinaVV.Sprint1.Task0.V13.Lib.csproj", "{F5CE979A-9BAD-440C-BC9C-C80EE7837461}"
EndProject
Project("{FAE04EC0-301F-11D3-BF4B-00C04F79EFBC}") = "Tyuiu.MalchikhinaVV.Sprint1.Task0.V13.Test", "Tyuiu.MalchikhinaVV.Sprint1.Task0.V13.Test\Tyuiu.MalchikhinaVV.Sprint1.Task0.V13.Test.csproj", "{F65FC90F-90FA-42EE-95DA-BEA67C908BFF}"
EndProject
Project("{2150E333-8FDC-42A3-9474-1A3956D46DE8}") = "Task1", "Task1", "{99B9B14D-587F-48D6-831D-0DF772CDA9CA}"
EndProject
Project("{FAE04EC0-301F-11D3-BF4B-00C04F79EFBC}") = "Tyuiu.MalchikhinaVV.Sprint1.Task1.V3", "Tyuiu.MalchikhinaVV.Sprint1.Task1.V3\Tyuiu.MalchikhinaVV.Sprint1.Task1.V3.csproj", "{F2399B82-9557-401E-B863-7B3BABB7406B}"
EndProject
Project("{FAE04EC0-301F-11D3-BF4B-00C04F79EFBC}") = "Tyuiu.MalchikhinaVV.Sprint1.Task1.V3.Lib", "Tyuiu.MalchikhinaVV.Sprint1.Task1.V3.Lib\Tyuiu.MalchikhinaVV.Sprint1.Task1.V3.Lib.csproj", "{1A59CD6F-93F0-42FC-8335-F64A6A9A80D9}"
EndProject
Project("{FAE04EC0-301F-11D3-BF4B-00C04F79EFBC}") = "Tyuiu.MalchikhinaVV.Sprint1.Task1.V3.Test", "Tyuiu.MalchikhinaVV.Sprint1.Task1.V3.Test\Tyuiu.MalchikhinaVV.Sprint1.Task1.V3.Test.csproj", "{EE492B62-D490-4231-B5A7-DDF5F1EC8D88}"
EndProject
Project("{2150E333-8FDC-42A3-9474-1A3956D46DE8}") = "Task2", "Task2", "{67A8E7C0-DF01-4A27-B676-9A4F7A674421}"
EndProject
Project("{FAE04EC0-301F-11D3-BF4B-00C04F79EFBC}") = "Tyuiu.MalchikhinaVV.Sprint1.Task2.V1", "Tyuiu.MalchikhinaVV.Sprint1.Task2.V1\Tyuiu.MalchikhinaVV.Sprint1.Task2.V1.csproj", "{1C717B25-C0CF-4F60-82F5-DDB4BA6A393D}"
EndProject
Project("{FAE04EC0-301F-11D3-BF4B-00C04F79EFBC}") = "Tyuiu.MalchikhinaVV.Sprint1.Task2.V1.Lib", "Tyuiu.MalchikhinaVV.Sprint1.Task2.V1.Lib\Tyuiu.MalchikhinaVV.Sprint1.Task2.V1.Lib.csproj", "{A4343FAB-ACF7-4693-9627-94AA2008FF61}"
EndProject
Project("{FAE04EC0-301F-11D3-BF4B-00C04F79EFBC}") = "Tyuiu.MalchikhinaVV.Sprint1.Task2.V1.Test", "Tyuiu.MalchikhinaVV.Sprint1.Task2.V1.Test\Tyuiu.MalchikhinaVV.Sprint1.Task2.V1.Test.csproj", "{52DF6BE1-7FF3-4DD5-83D5-B8E7DF5D8706}"
EndProject
Project("{2150E333-8FDC-42A3-9474-1A3956D46DE8}") = "Task3", "Task3", "{4A097D5D-C9C3-448E-AA9C-4DE30DD14971}"
EndProject
Project("{FAE04EC0-301F-11D3-BF4B-00C04F79EFBC}") = "Tyuiu.MalchikhinaVV.Sprint1.Task3.V14", "Tyuiu.MalchikhinaVV.Sprint1.Task3.V14\Tyuiu.MalchikhinaVV.Sprint1.Task3.V14.csproj", "{AC9243AF-0B9E-4003-8112-395473DD3546}"
EndProject
Project("{FAE04EC0-301F-11D3-BF4B-00C04F79EFBC}") = "Tyuiu.MalchikhinaVV.Sprint1.Task3.V14.Lib", "Tyuiu.MalchikhinaVV.Sprint1.Task3.V14.Lib\Tyuiu.MalchikhinaVV.Sprint1.Task3.V14.Lib.csproj", "{E10FE34E-5D30-45C1-AA8C-D0D00E860C41}"
EndProject
Project("{FAE04EC0-301F-11D3-BF4B-00C04F79EFBC}") = "Tyuiu.MalchikhinaVV.Sprint1.Task3.V14.Test", "Tyuiu.MalchikhinaVV.Sprint1.Task3.V14.Test\Tyuiu.MalchikhinaVV.Sprint1.Task3.V14.Test.csproj", "{0F3CB32C-9029-4A72-BE0C-89DE1F25E61B}"
EndProject
Project("{2150E333-8FDC-42A3-9474-1A3956D46DE8}") = "Task4", "Task4", "{F1044FAD-1A73-4DEC-B751-74A0BA945D80}"
EndProject
Project("{FAE04EC0-301F-11D3-BF4B-00C04F79EFBC}") = "Tyuiu.MalchikhinaVV.Sprint1.Task4.V26", "Tyuiu.MalchikhinaVV.Sprint1.Task4.V26\Tyuiu.MalchikhinaVV.Sprint1.Task4.V26.csproj", "{53F24752-E656-4D04-BAC7-5F0B0A68DB73}"
EndProject
Project("{FAE04EC0-301F-11D3-BF4B-00C04F79EFBC}") = "Tyuiu.MalchikhinaVV.Sprint1.Task4.V26.Lib", "Tyuiu.MalchikhinaVV.Sprint1.Task4.V26.Lib\Tyuiu.MalchikhinaVV.Sprint1.Task4.V26.Lib.csproj", "{DDE2B44D-813A-4E55-B4F0-83D8BF102C4D}"
EndProject
Project("{FAE04EC0-301F-11D3-BF4B-00C04F79EFBC}") = "Tyuiu.MalchikhinaVV.Sprint1.Task4.V26.Test", "Tyuiu.MalchikhinaVV.Sprint1.Task4.V26.Test\Tyuiu.MalchikhinaVV.Sprint1.Task4.V26.Test.csproj", "{E2E10291-2238-4A49-9624-20AA145BE2AF}"
EndProject
Project("{2150E333-8FDC-42A3-9474-1A3956D46DE8}") = "Task5", "Task5", "{59B0CB22-0FF1-4C6D-B159-86E1673CB849}"
EndProject
Project("{FAE04EC0-301F-11D3-BF4B-00C04F79EFBC}") = "Tyuiu.MalchikhinaVV.Sprint1.Task5.V4", "Tyuiu.MalchikhinaVV.Sprint1.Task5.V4\Tyuiu.MalchikhinaVV.Sprint1.Task5.V4.csproj", "{EDEEC976-06B3-4A09-B13D-A9E6FCBDA311}"
EndProject
Project("{FAE04EC0-301F-11D3-BF4B-00C04F79EFBC}") = "Tyuiu.MalchikhinaVV.Sprint1.Task5.V4.Lib", "Tyuiu.MalchikhinaVV.Sprint1.Task5.V4.Lib\Tyuiu.MalchikhinaVV.Sprint1.Task5.V4.Lib.csproj", "{EBA1D0ED-D97C-417B-939B-8D18E6E85F9C}"
EndProject
Project("{FAE04EC0-301F-11D3-BF4B-00C04F79EFBC}") = "Tyuiu.MalchikhinaVV.Sprint1.Task5.V4.Test", "Tyuiu.MalchikhinaVV.Sprint1.Task5.V4.Test\Tyuiu.MalchikhinaVV.Sprint1.Task5.V4.Test.csproj", "{8F933623-B6C2-4B90-9407-0167EF102613}"
EndProject
Global
	GlobalSection(SolutionConfigurationPlatforms) = preSolution
		Debug|Any CPU = Debug|Any CPU
		Release|Any CPU = Release|Any CPU
	EndGlobalSection
	GlobalSection(ProjectConfigurationPlatforms) = postSolution
		{98827D56-56BF-49D8-A0EE-832EEFB07A96}.Debug|Any CPU.ActiveCfg = Debug|Any CPU
		{98827D56-56BF-49D8-A0EE-832EEFB07A96}.Debug|Any CPU.Build.0 = Debug|Any CPU
		{98827D56-56BF-49D8-A0EE-832EEFB07A96}.Release|Any CPU.ActiveCfg = Release|Any CPU
		{98827D56-56BF-49D8-A0EE-832EEFB07A96}.Release|Any CPU.Build.0 = Release|Any CPU
		{F5CE979A-9BAD-440C-BC9C-C80EE7837461}.Debug|Any CPU.ActiveCfg = Debug|Any CPU
		{F5CE979A-9BAD-440C-BC9C-C80EE7837461}.Debug|Any CPU.Build.0 = Debug|Any CPU
		{F5CE979A-9BAD-440C-BC9C-C80EE7837461}.Release|Any CPU.ActiveCfg = Release|Any CPU
		{F5CE979A-9BAD-440C-BC9C-C80EE7837461}.Release|Any CPU.Build.0 = Release|Any CPU
		{F65FC90F-90FA-42EE-95DA-BEA67C908BFF}.Debug|Any CPU.ActiveCfg = Debug|Any CPU
		{F65FC90F-90FA-42EE-95DA-BEA67C908BFF}.Debug|Any CPU.Build.0 = Debug|Any CPU
		{F65FC90F-90FA-42EE-95DA-BEA67C908BFF}.Release|Any CPU.ActiveCfg = Release|Any CPU
		{F65FC90F-90FA-42EE-95DA-BEA67C908BFF}.Release|Any CPU.Build.0 = Release|Any CPU
		{F2399B82-9557-401E-B863-7B3BABB7406B}.Debug|Any CPU.ActiveCfg = Debug|Any CPU
		{F2399B82-9557-401E-B863-7B3BABB7406B}.Debug|Any CPU.Build.0 = Debug|Any CPU
		{F2399B82-9557-401E-B863-7B3BABB7406B}.Release|Any CPU.ActiveCfg = Release|Any CPU
		{F2399B82-9557-401E-B863-7B3BABB7406B}.Release|Any CPU.Build.0 = Release|Any CPU
		{1A59CD6F-93F0-42FC-8335-F64A6A9A80D9}.Debug|Any CPU.ActiveCfg = Debug|Any CPU
		{1A59CD6F-93F0-42FC-8335-F64A6A9A80D9}.Debug|Any CPU.Build.0 = Debug|Any CPU
		{1A59CD6F-93F0-42FC-8335-F64A6A9A80D9}.Release|Any CPU.ActiveCfg = Release|Any CPU
		{1A59CD6F-93F0-42FC-8335-F64A6A9A80D9}.Release|Any CPU.Build.0 = Release|Any CPU
		{EE492B62-D490-4231-B5A7-DDF5F1EC8D88}.Debug|Any CPU.ActiveCfg = Debug|Any CPU
		{EE492B62-D490-4231-B5A7-DDF5F1EC8D88}.Debug|Any CPU.Build.0 = Debug|Any CPU
		{EE492B62-D490-4231-B5A7-DDF5F1EC8D88}.Release|Any CPU.ActiveCfg = Release|Any CPU
		{EE492B62-D490-4231-B5A7-DDF5F1EC8D88}.Release|Any CPU.Build.0 = Release|Any CPU
		{1C717B25-C0CF-4F60-82F5-DDB4BA6A393D}.Debug|Any CPU.ActiveCfg = Debug|Any CPU
		{1C717B25-C0CF-4F60-82F5-DDB4BA6A393D}.Debug|Any CPU.Build.0 = Debug|Any CPU
		{1C717B25-C0CF-4F60-82F5-DDB4BA6A393D}.Release|Any CPU.ActiveCfg = Release|Any CPU
		{1C717B25-C0CF-4F60-82F5-DDB4BA6A393D}.Release|Any CPU.Build.0 = Release|Any CPU
		{A4343FAB-ACF7-4693-9627-94AA2008FF61}.Debug|Any CPU.ActiveCfg = Debug|Any CPU
		{A4343FAB-ACF7-4693-9627-94AA2008FF61}.Debug|Any CPU.Build.0 = Debug|Any CPU
		{A4343FAB-ACF7-4693-9627-94AA2008FF61}.Release|Any CPU.ActiveCfg = Release|Any CPU
		{A4343FAB-ACF7-4693-9627-94AA2008FF61}.Release|Any CPU.Build.0 = Release|Any CPU
		{52DF6BE1-7FF3-4DD5-83D5-B8E7DF5D8706}.Debug|Any CPU.ActiveCfg = Debug|Any CPU
		{52DF6BE1-7FF3-4DD5-83D5-B8E7DF5D8706}.Debug|Any CPU.Build.0 = Debug|Any CPU
		{52DF6BE1-7FF3-4DD5-83D5-B8E7DF5D8706}.Release|Any CPU.ActiveCfg = Release|Any CPU
		{52DF6BE1-7FF3-4DD5-83D5-B8E7DF5D8706}.Release|Any CPU.Build.0 = Release|Any CPU
		{AC9243AF-0B9E-4003-8112-395473DD3546}.Debug|Any CPU.ActiveCfg = Debug|Any CPU
		{AC9243AF-0B9E-4003-8112-395473DD3546}.Debug|Any CPU.Build.0 = Debug|Any CPU
		{AC9243AF-0B9E-4003-8112-395473DD3546}.Release|Any CPU.ActiveCfg = Release|Any CPU
		{AC9243AF-0B9E-4003-8112-395473DD3546}.Release|Any CPU.Build.0 = Release|Any CPU
		{E10FE34E-5D30-45C1-AA8C-D0D00E860C41}.Debug|Any CPU.ActiveCfg = Debug|Any CPU
		{E10FE34E-5D30-45C1-AA8C-D0D00E860C41}.Debug|Any CPU.Build.0 = Debug|Any CPU
		{E10FE34E-5D30-45C1-AA8C-D0D00E860C41}.Release|Any CPU.ActiveCfg = Release|Any CPU
		{E10FE34E-5D30-45C1-AA8C-D0D00E860C41}.Release|Any CPU.Build.0 = Release|Any CPU
		{0F3CB32C-9029-4A72-BE0C-89DE1F25E61B}.Debug|Any CPU.ActiveCfg = Debug|Any CPU
		{0F3CB32C-9029-4A72-BE0C-89DE1F25E61B}.Debug|Any CPU.Build.0 = Debug|Any CPU
		{0F3CB32C-9029-4A72-BE0C-89DE1F25E61B}.Release|Any CPU.ActiveCfg = Release|Any CPU
		{0F3CB32C-9029-4A72-BE0C-89DE1F25E61B}.Release|Any CPU.Build.0 = Release|Any CPU
		{53F24752-E656-4D04-BAC7-5F0B0A68DB73}.Debug|Any CPU.ActiveCfg = Debug|Any CPU
		{53F24752-E656-4D04-BAC7-5F0B0A68DB73}.Debug|Any CPU.Build.0 = Debug|Any CPU
		{53F24752-E656-4D04-BAC7-5F0B0A68DB73}.Release|Any CPU.ActiveCfg = Release|Any CPU
		{53F24752-E656-4D04-BAC7-5F0B0A68DB73}.Release|Any CPU.Build.0 = Release|Any CPU
		{DDE2B44D-813A-4E55-B4F0-83D8BF102C4D}.Debug|Any CPU.ActiveCfg = Debug|Any CPU
		{DDE2B44D-813A-4E55-B4F0-83D8BF102C4D}.Debug|Any CPU.Build.0 = Debug|Any CPU
		{DDE2B44D-813A-4E55-B4F0-83D8BF102C4D}.Release|Any CPU.ActiveCfg = Release|Any CPU
		{DDE2B44D-813A-4E55-B4F0-83D8BF102C4D}.Release|Any CPU.Build.0 = Release|Any CPU
		{E2E10291-2238-4A49-9624-20AA145BE2AF}.Debug|Any CPU.ActiveCfg = Debug|Any CPU
		{E2E10291-2238-4A49-9624-20AA145BE2AF}.Debug|Any CPU.Build.0 = Debug|Any CPU
		{E2E10291-2238-4A49-9624-20AA145BE2AF}.Release|Any CPU.ActiveCfg = Release|Any CPU
		{E2E10291-2238-4A49-9624-20AA145BE2AF}.Release|Any CPU.Build.0 = Release|Any CPU
		{EDEEC976-06B3-4A09-B13D-A9E6FCBDA311}.Debug|Any CPU.ActiveCfg = Debug|Any CPU
		{EDEEC976-06B3-4A09-B13D-A9E6FCBDA311}.Debug|Any CPU.Build.0 = Debug|Any CPU
		{EDEEC976-06B3-4A09-B13D-A9E6FCBDA311}.Release|Any CPU.ActiveCfg = Release|Any CPU
		{EDEEC976-06B3-4A09-B13D-A9E6FCBDA311}.Release|Any CPU.Build.0 = Release|Any CPU
		{EBA1D0ED-D97C-417B-939B-8D18E6E85F9C}.Debug|Any CPU.ActiveCfg = Debug|Any CPU
		{EBA1D0ED-D97C-417B-939B-8D18E6E85F9C}.Debug|Any CPU.Build.0 = Debug|Any CPU
		{EBA1D0ED-D97C-417B-939B-8D18E6E85F9C}.Release|Any CPU.ActiveCfg = Release|Any CPU
		{EBA1D0ED-D97C-417B-939B-8D18E6E85F9C}.Release|Any CPU.Build.0 = Release|Any CPU
		{8F933623-B6C2-4B90-9407-0167EF102613}.Debug|Any CPU.ActiveCfg = Debug|Any CPU
		{8F933623-B6C2-4B90-9407-0167EF102613}.Debug|Any CPU.Build.0 = Debug|Any CPU
		{8F933623-B6C2-4B90-9407-0167EF102613}.Release|Any CPU.ActiveCfg = Release|Any CPU
		{8F933623-B6C2-4B90-9407-0167EF102613}.Release|Any CPU.Build.0 = Release|Any CPU
	EndGlobalSection
	GlobalSection(SolutionProperties) = preSolution
		HideSolutionNode = FALSE
	EndGlobalSection
	GlobalSection(NestedProjects) = preSolution
		{98827D56-56BF-49D8-A0EE-832EEFB07A96} = {02EA681E-C7D8-13C7-8484-4AC65E1B71E8}
		{F5CE979A-9BAD-440C-BC9C-C80EE7837461} = {02EA681E-C7D8-13C7-8484-4AC65E1B71E8}
		{F65FC90F-90FA-42EE-95DA-BEA67C908BFF} = {02EA681E-C7D8-13C7-8484-4AC65E1B71E8}
		{F2399B82-9557-401E-B863-7B3BABB7406B} = {99B9B14D-587F-48D6-831D-0DF772CDA9CA}
		{1A59CD6F-93F0-42FC-8335-F64A6A9A80D9} = {99B9B14D-587F-48D6-831D-0DF772CDA9CA}
		{EE492B62-D490-4231-B5A7-DDF5F1EC8D88} = {99B9B14D-587F-48D6-831D-0DF772CDA9CA}
		{1C717B25-C0CF-4F60-82F5-DDB4BA6A393D} = {67A8E7C0-DF01-4A27-B676-9A4F7A674421}
		{A4343FAB-ACF7-4693-9627-94AA2008FF61} = {67A8E7C0-DF01-4A27-B676-9A4F7A674421}
		{52DF6BE1-7FF3-4DD5-83D5-B8E7DF5D8706} = {67A8E7C0-DF01-4A27-B676-9A4F7A674421}
		{AC9243AF-0B9E-4003-8112-395473DD3546} = {4A097D5D-C9C3-448E-AA9C-4DE30DD14971}
		{E10FE34E-5D30-45C1-AA8C-D0D00E860C41} = {4A097D5D-C9C3-448E-AA9C-4DE30DD14971}
		{0F3CB32C-9029-4A72-BE0C-89DE1F25E61B} = {4A097D5D-C9C3-448E-AA9C-4DE30DD14971}
		{53F24752-E656-4D04-BAC7-5F0B0A68DB73} = {F1044FAD-1A73-4DEC-B751-74A0BA945D80}
		{DDE2B44D-813A-4E55-B4F0-83D8BF102C4D} = {F1044FAD-1A73-4DEC-B751-74A0BA945D80}
		{E2E10291-2238-4A49-9624-20AA145BE2AF} = {F1044FAD-1A73-4DEC-B751-74A0BA945D80}
		{EDEEC976-06B3-4A09-B13D-A9E6FCBDA311} = {59B0CB22-0FF1-4C6D-B159-86E1673CB849}
		{EBA1D0ED-D97C-417B-939B-8D18E6E85F9C} = {59B0CB22-0FF1-4C6D-B159-86E1673CB849}
		{8F933623-B6C2-4B90-9407-0167EF102613} = {59B0CB22-0FF1-4C6D-B159-86E1673CB849}
	EndGlobalSection
	GlobalSection(ExtensibilityGlobals) = postSolution
		SolutionGuid = {27745269-7855-4749-9CBA-31C8E5F7D4EF}
	EndGlobalSection
EndGlobal
